// !$*UTF8*$!
{
	archiveVersion = 1;
	classes = {
	};
	objectVersion = 60;
	objects = {

/* Begin PBXBuildFile section */
		C5AEDBCD2ADF3187006ADB72 /* AppDelegate.swift in Sources */ = {isa = PBXBuildFile; fileRef = C5AEDBCC2ADF3187006ADB72 /* AppDelegate.swift */; };
		C5AEDBCF2ADF3187006ADB72 /* SceneDelegate.swift in Sources */ = {isa = PBXBuildFile; fileRef = C5AEDBCE2ADF3187006ADB72 /* SceneDelegate.swift */; };
		C5AEDBD12ADF3187006ADB72 /* ViewController.swift in Sources */ = {isa = PBXBuildFile; fileRef = C5AEDBD02ADF3187006ADB72 /* ViewController.swift */; };
		C5AEDBD42ADF3187006ADB72 /* Main.storyboard in Resources */ = {isa = PBXBuildFile; fileRef = C5AEDBD22ADF3187006ADB72 /* Main.storyboard */; };
		C5AEDBD62ADF3187006ADB72 /* Assets.xcassets in Resources */ = {isa = PBXBuildFile; fileRef = C5AEDBD52ADF3187006ADB72 /* Assets.xcassets */; };
		C5AEDBD92ADF3187006ADB72 /* LaunchScreen.storyboard in Resources */ = {isa = PBXBuildFile; fileRef = C5AEDBD72ADF3187006ADB72 /* LaunchScreen.storyboard */; };
		C5AEDBE42ADF3188006ADB72 /* Assignment6-SamTests.swift in Sources */ = {isa = PBXBuildFile; fileRef = C5AEDBE32ADF3188006ADB72 /* Assignment6-SamTests.swift */; };
		C5AEDBEE2ADF3188006ADB72 /* Assignment6-SamUITests.swift in Sources */ = {isa = PBXBuildFile; fileRef = C5AEDBED2ADF3188006ADB72 /* Assignment6-SamUITests.swift */; };
		C5AEDBF02ADF3188006ADB72 /* Assignment6-SamUITestsLaunchTests.swift in Sources */ = {isa = PBXBuildFile; fileRef = C5AEDBEF2ADF3188006ADB72 /* Assignment6-SamUITestsLaunchTests.swift */; };
/* End PBXBuildFile section */

/* Begin PBXContainerItemProxy section */
		C5AEDBE02ADF3188006ADB72 /* PBXContainerItemProxy */ = {
			isa = PBXContainerItemProxy;
			containerPortal = C5AEDBC12ADF3187006ADB72 /* Project object */;
			proxyType = 1;
			remoteGlobalIDString = C5AEDBC82ADF3187006ADB72;
			remoteInfo = Lab6;
		};
		C5AEDBEA2ADF3188006ADB72 /* PBXContainerItemProxy */ = {
			isa = PBXContainerItemProxy;
			containerPortal = C5AEDBC12ADF3187006ADB72 /* Project object */;
			proxyType = 1;
			remoteGlobalIDString = C5AEDBC82ADF3187006ADB72;
			remoteInfo = Lab6;
		};
/* End PBXContainerItemProxy section */

/* Begin PBXFileReference section */
		C5AEDBC92ADF3187006ADB72 /* Assignment6-Sam.app */ = {isa = PBXFileReference; explicitFileType = wrapper.application; includeInIndex = 0; path = "Assignment6-Sam.app"; sourceTree = BUILT_PRODUCTS_DIR; };
		C5AEDBCC2ADF3187006ADB72 /* AppDelegate.swift */ = {isa = PBXFileReference; lastKnownFileType = sourcecode.swift; path = AppDelegate.swift; sourceTree = "<group>"; };
		C5AEDBCE2ADF3187006ADB72 /* SceneDelegate.swift */ = {isa = PBXFileReference; lastKnownFileType = sourcecode.swift; path = SceneDelegate.swift; sourceTree = "<group>"; };
		C5AEDBD02ADF3187006ADB72 /* ViewController.swift */ = {isa = PBXFileReference; lastKnownFileType = sourcecode.swift; path = ViewController.swift; sourceTree = "<group>"; };
		C5AEDBD32ADF3187006ADB72 /* Base */ = {isa = PBXFileReference; lastKnownFileType = file.storyboard; name = Base; path = Base.lproj/Main.storyboard; sourceTree = "<group>"; };
		C5AEDBD52ADF3187006ADB72 /* Assets.xcassets */ = {isa = PBXFileReference; lastKnownFileType = folder.assetcatalog; path = Assets.xcassets; sourceTree = "<group>"; };
		C5AEDBD82ADF3187006ADB72 /* Base */ = {isa = PBXFileReference; lastKnownFileType = file.storyboard; name = Base; path = Base.lproj/LaunchScreen.storyboard; sourceTree = "<group>"; };
		C5AEDBDA2ADF3187006ADB72 /* Info.plist */ = {isa = PBXFileReference; lastKnownFileType = text.plist.xml; path = Info.plist; sourceTree = "<group>"; };
		C5AEDBDF2ADF3188006ADB72 /* Assignment6-SamTests.xctest */ = {isa = PBXFileReference; explicitFileType = wrapper.cfbundle; includeInIndex = 0; path = "Assignment6-SamTests.xctest"; sourceTree = BUILT_PRODUCTS_DIR; };
		C5AEDBE32ADF3188006ADB72 /* Assignment6-SamTests.swift */ = {isa = PBXFileReference; lastKnownFileType = sourcecode.swift; path = "Assignment6-SamTests.swift"; sourceTree = "<group>"; };
		C5AEDBE92ADF3188006ADB72 /* Assignment6-SamUITests.xctest */ = {isa = PBXFileReference; explicitFileType = wrapper.cfbundle; includeInIndex = 0; path = "Assignment6-SamUITests.xctest"; sourceTree = BUILT_PRODUCTS_DIR; };
		C5AEDBED2ADF3188006ADB72 /* Assignment6-SamUITests.swift */ = {isa = PBXFileReference; lastKnownFileType = sourcecode.swift; path = "Assignment6-SamUITests.swift"; sourceTree = "<group>"; };
		C5AEDBEF2ADF3188006ADB72 /* Assignment6-SamUITestsLaunchTests.swift */ = {isa = PBXFileReference; lastKnownFileType = sourcecode.swift; path = "Assignment6-SamUITestsLaunchTests.swift"; sourceTree = "<group>"; };
/* End PBXFileReference section */

/* Begin PBXFrameworksBuildPhase section */
		C5AEDBC62ADF3187006ADB72 /* Frameworks */ = {
			isa = PBXFrameworksBuildPhase;
			buildActionMask = 2147483647;
			files = (
			);
			runOnlyForDeploymentPostprocessing = 0;
		};
		C5AEDBDC2ADF3188006ADB72 /* Frameworks */ = {
			isa = PBXFrameworksBuildPhase;
			buildActionMask = 2147483647;
			files = (
			);
			runOnlyForDeploymentPostprocessing = 0;
		};
		C5AEDBE62ADF3188006ADB72 /* Frameworks */ = {
			isa = PBXFrameworksBuildPhase;
			buildActionMask = 2147483647;
			files = (
			);
			runOnlyForDeploymentPostprocessing = 0;
		};
/* End PBXFrameworksBuildPhase section */

/* Begin PBXGroup section */
		C5AEDBC02ADF3187006ADB72 = {
			isa = PBXGroup;
			children = (
				C5AEDBCB2ADF3187006ADB72 /* Assignment6-Sam */,
				C5AEDBE22ADF3188006ADB72 /* Assignment6-SamTests */,
				C5AEDBEC2ADF3188006ADB72 /* Assignment6-SamUITests */,
				C5AEDBCA2ADF3187006ADB72 /* Products */,
			);
			sourceTree = "<group>";
		};
		C5AEDBCA2ADF3187006ADB72 /* Products */ = {
			isa = PBXGroup;
			children = (
				C5AEDBC92ADF3187006ADB72 /* Assignment6-Sam.app */,
				C5AEDBDF2ADF3188006ADB72 /* Assignment6-SamTests.xctest */,
				C5AEDBE92ADF3188006ADB72 /* Assignment6-SamUITests.xctest */,
			);
			name = Products;
			sourceTree = "<group>";
		};
		C5AEDBCB2ADF3187006ADB72 /* Assignment6-Sam */ = {
			isa = PBXGroup;
			children = (
				C5AEDBCC2ADF3187006ADB72 /* AppDelegate.swift */,
				C5AEDBCE2ADF3187006ADB72 /* SceneDelegate.swift */,
				C5AEDBD02ADF3187006ADB72 /* ViewController.swift */,
				C5AEDBD22ADF3187006ADB72 /* Main.storyboard */,
				C5AEDBD52ADF3187006ADB72 /* Assets.xcassets */,
				C5AEDBD72ADF3187006ADB72 /* LaunchScreen.storyboard */,
				C5AEDBDA2ADF3187006ADB72 /* Info.plist */,
			);
			path = "Assignment6-Sam";
			sourceTree = "<group>";
		};
		C5AEDBE22ADF3188006ADB72 /* Assignment6-SamTests */ = {
			isa = PBXGroup;
			children = (
				C5AEDBE32ADF3188006ADB72 /* Assignment6-SamTests.swift */,
			);
			path = "Assignment6-SamTests";
			sourceTree = "<group>";
		};
		C5AEDBEC2ADF3188006ADB72 /* Assignment6-SamUITests */ = {
			isa = PBXGroup;
			children = (
				C5AEDBED2ADF3188006ADB72 /* Assignment6-SamUITests.swift */,
				C5AEDBEF2ADF3188006ADB72 /* Assignment6-SamUITestsLaunchTests.swift */,
			);
			path = "Assignment6-SamUITests";
			sourceTree = "<group>";
		};
/* End PBXGroup section */

/* Begin PBXNativeTarget section */
		C5AEDBC82ADF3187006ADB72 /* Assignment6-Sam */ = {
			isa = PBXNativeTarget;
			buildConfigurationList = C5AEDBF32ADF3188006ADB72 /* Build configuration list for PBXNativeTarget "Assignment6-Sam" */;
			buildPhases = (
				C5AEDBC52ADF3187006ADB72 /* Sources */,
				C5AEDBC62ADF3187006ADB72 /* Frameworks */,
				C5AEDBC72ADF3187006ADB72 /* Resources */,
			);
			buildRules = (
			);
			dependencies = (
			);
			name = "Assignment6-Sam";
			productName = Lab6;
			productReference = C5AEDBC92ADF3187006ADB72 /* Assignment6-Sam.app */;
			productType = "com.apple.product-type.application";
		};
		C5AEDBDE2ADF3188006ADB72 /* Assignment6-SamTests */ = {
			isa = PBXNativeTarget;
			buildConfigurationList = C5AEDBF62ADF3188006ADB72 /* Build configuration list for PBXNativeTarget "Assignment6-SamTests" */;
			buildPhases = (
				C5AEDBDB2ADF3188006ADB72 /* Sources */,
				C5AEDBDC2ADF3188006ADB72 /* Frameworks */,
				C5AEDBDD2ADF3188006ADB72 /* Resources */,
			);
			buildRules = (
			);
			dependencies = (
				C5AEDBE12ADF3188006ADB72 /* PBXTargetDependency */,
			);
			name = "Assignment6-SamTests";
			productName = Lab6Tests;
			productReference = C5AEDBDF2ADF3188006ADB72 /* Assignment6-SamTests.xctest */;
			productType = "com.apple.product-type.bundle.unit-test";
		};
		C5AEDBE82ADF3188006ADB72 /* Assignment6-SamUITests */ = {
			isa = PBXNativeTarget;
			buildConfigurationList = C5AEDBF92ADF3188006ADB72 /* Build configuration list for PBXNativeTarget "Assignment6-SamUITests" */;
			buildPhases = (
				C5AEDBE52ADF3188006ADB72 /* Sources */,
				C5AEDBE62ADF3188006ADB72 /* Frameworks */,
				C5AEDBE72ADF3188006ADB72 /* Resources */,
			);
			buildRules = (
			);
			dependencies = (
				C5AEDBEB2ADF3188006ADB72 /* PBXTargetDependency */,
			);
			name = "Assignment6-SamUITests";
			productName = Lab6UITests;
			productReference = C5AEDBE92ADF3188006ADB72 /* Assignment6-SamUITests.xctest */;
			productType = "com.apple.product-type.bundle.ui-testing";
		};
/* End PBXNativeTarget section */

/* Begin PBXProject section */
		C5AEDBC12ADF3187006ADB72 /* Project object */ = {
			isa = PBXProject;
			attributes = {
				BuildIndependentTargetsInParallel = 1;
				LastSwiftUpdateCheck = 1420;
				LastUpgradeCheck = 1500;
				TargetAttributes = {
					C5AEDBC82ADF3187006ADB72 = {
						CreatedOnToolsVersion = 14.2;
					};
					C5AEDBDE2ADF3188006ADB72 = {
						CreatedOnToolsVersion = 14.2;
						TestTargetID = C5AEDBC82ADF3187006ADB72;
					};
					C5AEDBE82ADF3188006ADB72 = {
						CreatedOnToolsVersion = 14.2;
						TestTargetID = C5AEDBC82ADF3187006ADB72;
					};
				};
			};
			buildConfigurationList = C5AEDBC42ADF3187006ADB72 /* Build configuration list for PBXProject "Assignment6-Sam" */;
			compatibilityVersion = "Xcode 15.0";
			developmentRegion = en;
			hasScannedForEncodings = 0;
			knownRegions = (
				en,
				Base,
			);
			mainGroup = C5AEDBC02ADF3187006ADB72;
			productRefGroup = C5AEDBCA2ADF3187006ADB72 /* Products */;
			projectDirPath = "";
			projectRoot = "";
			targets = (
				C5AEDBC82ADF3187006ADB72 /* Assignment6-Sam */,
				C5AEDBDE2ADF3188006ADB72 /* Assignment6-SamTests */,
				C5AEDBE82ADF3188006ADB72 /* Assignment6-SamUITests */,
			);
		};
/* End PBXProject section */

/* Begin PBXResourcesBuildPhase section */
		C5AEDBC72ADF3187006ADB72 /* Resources */ = {
			isa = PBXResourcesBuildPhase;
			buildActionMask = 2147483647;
			files = (
				C5AEDBD92ADF3187006ADB72 /* LaunchScreen.storyboard in Resources */,
				C5AEDBD62ADF3187006ADB72 /* Assets.xcassets in Resources */,
				C5AEDBD42ADF3187006ADB72 /* Main.storyboard in Resources */,
			);
			runOnlyForDeploymentPostprocessing = 0;
		};
		C5AEDBDD2ADF3188006ADB72 /* Resources */ = {
			isa = PBXResourcesBuildPhase;
			buildActionMask = 2147483647;
			files = (
			);
			runOnlyForDeploymentPostprocessing = 0;
		};
		C5AEDBE72ADF3188006ADB72 /* Resources */ = {
			isa = PBXResourcesBuildPhase;
			buildActionMask = 2147483647;
			files = (
			);
			runOnlyForDeploymentPostprocessing = 0;
		};
/* End PBXResourcesBuildPhase section */

/* Begin PBXSourcesBuildPhase section */
		C5AEDBC52ADF3187006ADB72 /* Sources */ = {
			isa = PBXSourcesBuildPhase;
			buildActionMask = 2147483647;
			files = (
				C5AEDBD12ADF3187006ADB72 /* ViewController.swift in Sources */,
				C5AEDBCD2ADF3187006ADB72 /* AppDelegate.swift in Sources */,
				C5AEDBCF2ADF3187006ADB72 /* SceneDelegate.swift in Sources */,
			);
			runOnlyForDeploymentPostprocessing = 0;
		};
		C5AEDBDB2ADF3188006ADB72 /* Sources */ = {
			isa = PBXSourcesBuildPhase;
			buildActionMask = 2147483647;
			files = (
				C5AEDBE42ADF3188006ADB72 /* Assignment6-SamTests.swift in Sources */,
			);
			runOnlyForDeploymentPostprocessing = 0;
		};
		C5AEDBE52ADF3188006ADB72 /* Sources */ = {
			isa = PBXSourcesBuildPhase;
			buildActionMask = 2147483647;
			files = (
				C5AEDBEE2ADF3188006ADB72 /* Assignment6-SamUITests.swift in Sources */,
				C5AEDBF02ADF3188006ADB72 /* Assignment6-SamUITestsLaunchTests.swift in Sources */,
			);
			runOnlyForDeploymentPostprocessing = 0;
		};
/* End PBXSourcesBuildPhase section */

/* Begin PBXTargetDependency section */
		C5AEDBE12ADF3188006ADB72 /* PBXTargetDependency */ = {
			isa = PBXTargetDependency;
			target = C5AEDBC82ADF3187006ADB72 /* Assignment6-Sam */;
			targetProxy = C5AEDBE02ADF3188006ADB72 /* PBXContainerItemProxy */;
		};
		C5AEDBEB2ADF3188006ADB72 /* PBXTargetDependency */ = {
			isa = PBXTargetDependency;
			target = C5AEDBC82ADF3187006ADB72 /* Assignment6-Sam */;
			targetProxy = C5AEDBEA2ADF3188006ADB72 /* PBXContainerItemProxy */;
		};
/* End PBXTargetDependency section */

/* Begin PBXVariantGroup section */
		C5AEDBD22ADF3187006ADB72 /* Main.storyboard */ = {
			isa = PBXVariantGroup;
			children = (
				C5AEDBD32ADF3187006ADB72 /* Base */,
			);
			name = Main.storyboard;
			sourceTree = "<group>";
		};
		C5AEDBD72ADF3187006ADB72 /* LaunchScreen.storyboard */ = {
			isa = PBXVariantGroup;
			children = (
				C5AEDBD82ADF3187006ADB72 /* Base */,
			);
			name = LaunchScreen.storyboard;
			sourceTree = "<group>";
		};
/* End PBXVariantGroup section */

/* Begin XCBuildConfiguration section */
		C5AEDBF12ADF3188006ADB72 /* Debug */ = {
			isa = XCBuildConfiguration;
			buildSettings = {
				ALWAYS_SEARCH_USER_PATHS = NO;
				CLANG_ANALYZER_NONNULL = YES;
				CLANG_ANALYZER_NUMBER_OBJECT_CONVERSION = YES_AGGRESSIVE;
				CLANG_CXX_LANGUAGE_STANDARD = "gnu++20";
				CLANG_ENABLE_MODULES = YES;
				CLANG_ENABLE_OBJC_ARC = YES;
				CLANG_ENABLE_OBJC_WEAK = YES;
				CLANG_WARN_BLOCK_CAPTURE_AUTORELEASING = YES;
				CLANG_WARN_BOOL_CONVERSION = YES;
				CLANG_WARN_COMMA = YES;
				CLANG_WARN_CONSTANT_CONVERSION = YES;
				CLANG_WARN_DEPRECATED_OBJC_IMPLEMENTATIONS = YES;
				CLANG_WARN_DIRECT_OBJC_ISA_USAGE = YES_ERROR;
				CLANG_WARN_DOCUMENTATION_COMMENTS = YES;
				CLANG_WARN_EMPTY_BODY = YES;
				CLANG_WARN_ENUM_CONVERSION = YES;
				CLANG_WARN_INFINITE_RECURSION = YES;
				CLANG_WARN_INT_CONVERSION = YES;
				CLANG_WARN_NON_LITERAL_NULL_CONVERSION = YES;
				CLANG_WARN_OBJC_IMPLICIT_RETAIN_SELF = YES;
				CLANG_WARN_OBJC_LITERAL_CONVERSION = YES;
				CLANG_WARN_OBJC_ROOT_CLASS = YES_ERROR;
				CLANG_WARN_QUOTED_INCLUDE_IN_FRAMEWORK_HEADER = YES;
				CLANG_WARN_RANGE_LOOP_ANALYSIS = YES;
				CLANG_WARN_STRICT_PROTOTYPES = YES;
				CLANG_WARN_SUSPICIOUS_MOVE = YES;
				CLANG_WARN_UNGUARDED_AVAILABILITY = YES_AGGRESSIVE;
				CLANG_WARN_UNREACHABLE_CODE = YES;
				CLANG_WARN__DUPLICATE_METHOD_MATCH = YES;
				COPY_PHASE_STRIP = NO;
				DEBUG_INFORMATION_FORMAT = dwarf;
				ENABLE_STRICT_OBJC_MSGSEND = YES;
				ENABLE_TESTABILITY = YES;
				ENABLE_USER_SCRIPT_SANDBOXING = YES;
				GCC_C_LANGUAGE_STANDARD = gnu11;
				GCC_DYNAMIC_NO_PIC = NO;
				GCC_NO_COMMON_BLOCKS = YES;
				GCC_OPTIMIZATION_LEVEL = 0;
				GCC_PREPROCESSOR_DEFINITIONS = (
					"DEBUG=1",
					"$(inherited)",
				);
				GCC_WARN_64_TO_32_BIT_CONVERSION = YES;
				GCC_WARN_ABOUT_RETURN_TYPE = YES_ERROR;
				GCC_WARN_UNDECLARED_SELECTOR = YES;
				GCC_WARN_UNINITIALIZED_AUTOS = YES_AGGRESSIVE;
				GCC_WARN_UNUSED_FUNCTION = YES;
				GCC_WARN_UNUSED_VARIABLE = YES;
				IPHONEOS_DEPLOYMENT_TARGET = 17.0;
				MTL_ENABLE_DEBUG_INFO = INCLUDE_SOURCE;
				MTL_FAST_MATH = YES;
				ONLY_ACTIVE_ARCH = YES;
				SDKROOT = iphoneos;
				SWIFT_ACTIVE_COMPILATION_CONDITIONS = DEBUG;
				SWIFT_OPTIMIZATION_LEVEL = "-Onone";
			};
			name = Debug;
		};
		C5AEDBF22ADF3188006ADB72 /* Release */ = {
			isa = XCBuildConfiguration;
			buildSettings = {
				ALWAYS_SEARCH_USER_PATHS = NO;
				CLANG_ANALYZER_NONNULL = YES;
				CLANG_ANALYZER_NUMBER_OBJECT_CONVERSION = YES_AGGRESSIVE;
				CLANG_CXX_LANGUAGE_STANDARD = "gnu++20";
				CLANG_ENABLE_MODULES = YES;
				CLANG_ENABLE_OBJC_ARC = YES;
				CLANG_ENABLE_OBJC_WEAK = YES;
				CLANG_WARN_BLOCK_CAPTURE_AUTORELEASING = YES;
				CLANG_WARN_BOOL_CONVERSION = YES;
				CLANG_WARN_COMMA = YES;
				CLANG_WARN_CONSTANT_CONVERSION = YES;
				CLANG_WARN_DEPRECATED_OBJC_IMPLEMENTATIONS = YES;
				CLANG_WARN_DIRECT_OBJC_ISA_USAGE = YES_ERROR;
				CLANG_WARN_DOCUMENTATION_COMMENTS = YES;
				CLANG_WARN_EMPTY_BODY = YES;
				CLANG_WARN_ENUM_CONVERSION = YES;
				CLANG_WARN_INFINITE_RECURSION = YES;
				CLANG_WARN_INT_CONVERSION = YES;
				CLANG_WARN_NON_LITERAL_NULL_CONVERSION = YES;
				CLANG_WARN_OBJC_IMPLICIT_RETAIN_SELF = YES;
				CLANG_WARN_OBJC_LITERAL_CONVERSION = YES;
				CLANG_WARN_OBJC_ROOT_CLASS = YES_ERROR;
				CLANG_WARN_QUOTED_INCLUDE_IN_FRAMEWORK_HEADER = YES;
				CLANG_WARN_RANGE_LOOP_ANALYSIS = YES;
				CLANG_WARN_STRICT_PROTOTYPES = YES;
				CLANG_WARN_SUSPICIOUS_MOVE = YES;
				CLANG_WARN_UNGUARDED_AVAILABILITY = YES_AGGRESSIVE;
				CLANG_WARN_UNREACHABLE_CODE = YES;
				CLANG_WARN__DUPLICATE_METHOD_MATCH = YES;
				COPY_PHASE_STRIP = NO;
				DEBUG_INFORMATION_FORMAT = "dwarf-with-dsym";
				ENABLE_NS_ASSERTIONS = NO;
				ENABLE_STRICT_OBJC_MSGSEND = YES;
				ENABLE_USER_SCRIPT_SANDBOXING = YES;
				GCC_C_LANGUAGE_STANDARD = gnu11;
				GCC_NO_COMMON_BLOCKS = YES;
				GCC_WARN_64_TO_32_BIT_CONVERSION = YES;
				GCC_WARN_ABOUT_RETURN_TYPE = YES_ERROR;
				GCC_WARN_UNDECLARED_SELECTOR = YES;
				GCC_WARN_UNINITIALIZED_AUTOS = YES_AGGRESSIVE;
				GCC_WARN_UNUSED_FUNCTION = YES;
				GCC_WARN_UNUSED_VARIABLE = YES;
				IPHONEOS_DEPLOYMENT_TARGET = 17.0;
				MTL_ENABLE_DEBUG_INFO = NO;
				MTL_FAST_MATH = YES;
				SDKROOT = iphoneos;
				SWIFT_COMPILATION_MODE = wholemodule;
				SWIFT_OPTIMIZATION_LEVEL = "-O";
				VALIDATE_PRODUCT = YES;
			};
			name = Release;
		};
		C5AEDBF42ADF3188006ADB72 /* Debug */ = {
			isa = XCBuildConfiguration;
			buildSettings = {
				ASSETCATALOG_COMPILER_APPICON_NAME = AppIcon;
				ASSETCATALOG_COMPILER_GLOBAL_ACCENT_COLOR_NAME = AccentColor;
				CODE_SIGN_STYLE = Automatic;
				CURRENT_PROJECT_VERSION = 1;
				DEVELOPMENT_TEAM = 8WLH83G2DS;
				GENERATE_INFOPLIST_FILE = YES;
				INFOPLIST_FILE = "Assignment6-Sam/Info.plist";
				INFOPLIST_KEY_UIApplicationSupportsIndirectInputEvents = YES;
				INFOPLIST_KEY_UILaunchStoryboardName = LaunchScreen;
				INFOPLIST_KEY_UIMainStoryboardFile = Main;
				INFOPLIST_KEY_UIStatusBarStyle = "";
				INFOPLIST_KEY_UISupportedInterfaceOrientations = UIInterfaceOrientationPortrait;
				INFOPLIST_KEY_UISupportedInterfaceOrientations_iPad = "UIInterfaceOrientationLandscapeLeft UIInterfaceOrientationLandscapeRight UIInterfaceOrientationPortrait UIInterfaceOrientationPortraitUpsideDown";
				LD_RUNPATH_SEARCH_PATHS = (
					"$(inherited)",
					"@executable_path/Frameworks",
				);
				MARKETING_VERSION = 1.0;
				PRODUCT_BUNDLE_IDENTIFIER = "com.Assignment6-Sam";
				PRODUCT_NAME = "$(TARGET_NAME)";
				SWIFT_EMIT_LOC_STRINGS = YES;
				SWIFT_VERSION = 5.0;
				TARGETED_DEVICE_FAMILY = "1,2";
			};
			name = Debug;
		};
		C5AEDBF52ADF3188006ADB72 /* Release */ = {
			isa = XCBuildConfiguration;
			buildSettings = {
				ASSETCATALOG_COMPILER_APPICON_NAME = AppIcon;
				ASSETCATALOG_COMPILER_GLOBAL_ACCENT_COLOR_NAME = AccentColor;
				CODE_SIGN_STYLE = Automatic;
				CURRENT_PROJECT_VERSION = 1;
				DEVELOPMENT_TEAM = 8WLH83G2DS;
				GENERATE_INFOPLIST_FILE = YES;
				INFOPLIST_FILE = "Assignment6-Sam/Info.plist";
				INFOPLIST_KEY_UIApplicationSupportsIndirectInputEvents = YES;
				INFOPLIST_KEY_UILaunchStoryboardName = LaunchScreen;
				INFOPLIST_KEY_UIMainStoryboardFile = Main;
				INFOPLIST_KEY_UIStatusBarStyle = "";
				INFOPLIST_KEY_UISupportedInterfaceOrientations = UIInterfaceOrientationPortrait;
				INFOPLIST_KEY_UISupportedInterfaceOrientations_iPad = "UIInterfaceOrientationLandscapeLeft UIInterfaceOrientationLandscapeRight UIInterfaceOrientationPortrait UIInterfaceOrientationPortraitUpsideDown";
				LD_RUNPATH_SEARCH_PATHS = (
					"$(inherited)",
					"@executable_path/Frameworks",
				);
				MARKETING_VERSION = 1.0;
				PRODUCT_BUNDLE_IDENTIFIER = "com.Assignment6-Sam";
				PRODUCT_NAME = "$(TARGET_NAME)";
				SWIFT_EMIT_LOC_STRINGS = YES;
				SWIFT_VERSION = 5.0;
				TARGETED_DEVICE_FAMILY = "1,2";
			};
			name = Release;
		};
		C5AEDBF72ADF3188006ADB72 /* Debug */ = {
			isa = XCBuildConfiguration;
			buildSettings = {
				ALWAYS_EMBED_SWIFT_STANDARD_LIBRARIES = YES;
				BUNDLE_LOADER = "$(TEST_HOST)";
				CODE_SIGN_STYLE = Automatic;
				CURRENT_PROJECT_VERSION = 1;
				GENERATE_INFOPLIST_FILE = YES;
				IPHONEOS_DEPLOYMENT_TARGET = 16.2;
				MARKETING_VERSION = 1.0;
				PRODUCT_BUNDLE_IDENTIFIER = com.Lab6Tests;
				PRODUCT_NAME = "$(TARGET_NAME)";
				SWIFT_EMIT_LOC_STRINGS = NO;
				SWIFT_VERSION = 5.0;
				TARGETED_DEVICE_FAMILY = "1,2";
				TEST_HOST = "$(BUILT_PRODUCTS_DIR)/Assignment6-Sam.app/$(BUNDLE_EXECUTABLE_FOLDER_PATH)/Assignment6-Sam";
			};
			name = Debug;
		};
		C5AEDBF82ADF3188006ADB72 /* Release */ = {
			isa = XCBuildConfiguration;
			buildSettings = {
				ALWAYS_EMBED_SWIFT_STANDARD_LIBRARIES = YES;
				BUNDLE_LOADER = "$(TEST_HOST)";
				CODE_SIGN_STYLE = Automatic;
				CURRENT_PROJECT_VERSION = 1;
				GENERATE_INFOPLIST_FILE = YES;
				IPHONEOS_DEPLOYMENT_TARGET = 16.2;
				MARKETING_VERSION = 1.0;
				PRODUCT_BUNDLE_IDENTIFIER = com.Lab6Tests;
				PRODUCT_NAME = "$(TARGET_NAME)";
				SWIFT_EMIT_LOC_STRINGS = NO;
				SWIFT_VERSION = 5.0;
				TARGETED_DEVICE_FAMILY = "1,2";
				TEST_HOST = "$(BUILT_PRODUCTS_DIR)/Assignment6-Sam.app/$(BUNDLE_EXECUTABLE_FOLDER_PATH)/Assignment6-Sam";
			};
			name = Release;
		};
		C5AEDBFA2ADF3188006ADB72 /* Debug */ = {
			isa = XCBuildConfiguration;
			buildSettings = {
				ALWAYS_EMBED_SWIFT_STANDARD_LIBRARIES = YES;
				CODE_SIGN_STYLE = Automatic;
				CURRENT_PROJECT_VERSION = 1;
				GENERATE_INFOPLIST_FILE = YES;
				MARKETING_VERSION = 1.0;
				PRODUCT_BUNDLE_IDENTIFIER = com.Lab6UITests;
				PRODUCT_NAME = "$(TARGET_NAME)";
				SWIFT_EMIT_LOC_STRINGS = NO;
				SWIFT_VERSION = 5.0;
				TARGETED_DEVICE_FAMILY = "1,2";
				TEST_TARGET_NAME = Lab6;
			};
			name = Debug;
		};
		C5AEDBFB2ADF3188006ADB72 /* Release */ = {
			isa = XCBuildConfiguration;
			buildSettings = {
				ALWAYS_EMBED_SWIFT_STANDARD_LIBRARIES = YES;
				CODE_SIGN_STYLE = Automatic;
				CURRENT_PROJECT_VERSION = 1;
				GENERATE_INFOPLIST_FILE = YES;
				MARKETING_VERSION = 1.0;
				PRODUCT_BUNDLE_IDENTIFIER = com.Lab6UITests;
				PRODUCT_NAME = "$(TARGET_NAME)";
				SWIFT_EMIT_LOC_STRINGS = NO;
				SWIFT_VERSION = 5.0;
				TARGETED_DEVICE_FAMILY = "1,2";
				TEST_TARGET_NAME = Lab6;
			};
			name = Release;
		};
/* End XCBuildConfiguration section */

/* Begin XCConfigurationList section */
		C5AEDBC42ADF3187006ADB72 /* Build configuration list for PBXProject "Assignment6-Sam" */ = {
			isa = XCConfigurationList;
			buildConfigurations = (
				C5AEDBF12ADF3188006ADB72 /* Debug */,
				C5AEDBF22ADF3188006ADB72 /* Release */,
			);
			defaultConfigurationIsVisible = 0;
			defaultConfigurationName = Release;
		};
		C5AEDBF32ADF3188006ADB72 /* Build configuration list for PBXNativeTarget "Assignment6-Sam" */ = {
			isa = XCConfigurationList;
			buildConfigurations = (
				C5AEDBF42ADF3188006ADB72 /* Debug */,
				C5AEDBF52ADF3188006ADB72 /* Release */,
			);
			defaultConfigurationIsVisible = 0;
			defaultConfigurationName = Release;
		};
		C5AEDBF62ADF3188006ADB72 /* Build configuration list for PBXNativeTarget "Assignment6-SamTests" */ = {
			isa = XCConfigurationList;
			buildConfigurations = (
				C5AEDBF72ADF3188006ADB72 /* Debug */,
				C5AEDBF82ADF3188006ADB72 /* Release */,
			);
			defaultConfigurationIsVisible = 0;
			defaultConfigurationName = Release;
		};
		C5AEDBF92ADF3188006ADB72 /* Build configuration list for PBXNativeTarget "Assignment6-SamUITests" */ = {
			isa = XCConfigurationList;
			buildConfigurations = (
				C5AEDBFA2ADF3188006ADB72 /* Debug */,
				C5AEDBFB2ADF3188006ADB72 /* Release */,
			);
			defaultConfigurationIsVisible = 0;
			defaultConfigurationName = Release;
		};
/* End XCConfigurationList section */
	};
	rootObject = C5AEDBC12ADF3187006ADB72 /* Project object */;
}
